
Microsoft Visual Studio Solution File, Format Version 12.00
# Visual Studio 15
VisualStudioVersion = 15.0.28307.960
MinimumVisualStudioVersion = 10.0.40219.1
Project("{FAE04EC0-301F-11D3-BF4B-00C04F79EFBC}") = "ZenithWindows", "ZenithWindows\ZenithWindows.csproj", "{1D90274A-3EFE-4311-95BB-890306CA5451}"
EndProject
Global
	GlobalSection(SolutionConfigurationPlatforms) = preSolution
		Debug|x86 = Debug|x86
		Release|x86 = Release|x86
	EndGlobalSection
	GlobalSection(ProjectConfigurationPlatforms) = postSolution
		{1D90274A-3EFE-4311-95BB-890306CA5451}.Debug|x86.ActiveCfg = Debug|x86
		{1D90274A-3EFE-4311-95BB-890306CA5451}.Debug|x86.Build.0 = Debug|x86
		{1D90274A-3EFE-4311-95BB-890306CA5451}.Release|x86.ActiveCfg = Release|x86
		{1D90274A-3EFE-4311-95BB-890306CA5451}.Release|x86.Build.0 = Release|x86
	EndGlobalSection
	GlobalSection(SolutionProperties) = preSolution
		HideSolutionNode = FALSE
	EndGlobalSection
	GlobalSection(ExtensibilityGlobals) = postSolution
		SolutionGuid = {286D5C07-FA4D-447A-98AA-3FA7D5D86B10}
	EndGlobalSection
EndGlobal
